Microsoft Visual Studio Solution File, Format Version 12.00
# Visual Studio Version 17
VisualStudioVersion = 17.0.31903.59
MinimumVisualStudioVersion = 10.0.40219.1
Project("{FAE04EC0-301F-11D3-BF4B-00C04F79EFBC}") = "Client", "src\Client\Client.csproj", "{42478B8E-AC64-4FF7-920A-AC5A7D2906A8}"
EndProject
Project("{FAE04EC0-301F-11D3-BF4B-00C04F79EFBC}") = "Shared", "src\Shared\Shared.csproj", "{03C3DCE3-69ED-4852-89A3-170E02536F80}"
EndProject
Global
	GlobalSection(SolutionConfigurationPlatforms) = preSolution
		Debug|Any CPU = Debug|Any CPU
		Release|Any CPU = Release|Any CPU
	EndGlobalSection
	GlobalSection(ProjectConfigurationPlatforms) = postSolution
		{42478B8E-AC64-4FF7-920A-AC5A7D2906A8}.Debug|Any CPU.ActiveCfg = Debug|Any CPU
		{42478B8E-AC64-4FF7-920A-AC5A7D2906A8}.Debug|Any CPU.Build.0 = Debug|Any CPU
		{42478B8E-AC64-4FF7-920A-AC5A7D2906A8}.Release|Any CPU.ActiveCfg = Release|Any CPU
		{42478B8E-AC64-4FF7-920A-AC5A7D2906A8}.Release|Any CPU.Build.0 = Release|Any CPU
		{03C3DCE3-69ED-4852-89A3-170E02536F80}.Debug|Any CPU.ActiveCfg = Debug|Any CPU
		{03C3DCE3-69ED-4852-89A3-170E02536F80}.Debug|Any CPU.Build.0 = Debug|Any CPU
		{03C3DCE3-69ED-4852-89A3-170E02536F80}.Release|Any CPU.ActiveCfg = Release|Any CPU
		{03C3DCE3-69ED-4852-89A3-170E02536F80}.Release|Any CPU.Build.0 = Release|Any CPU
	EndGlobalSection
	GlobalSection(SolutionProperties) = preSolution
		HideSolutionNode = FALSE
	EndGlobalSection
	GlobalSection(ExtensibilityGlobals) = postSolution
		SolutionGuid = {2CCBD102-88EF-4F3F-8A3C-7801E1C56868}
	EndGlobalSection
EndGlobal

